// !$*UTF8*$!
{
	archiveVersion = 1;
	classes = {
	};
	objectVersion = 56;
	objects = {

/* Begin PBXBuildFile section */
		0000CB2128F03A5A005C81CD /* Nib.swift in Sources */ = {isa = PBXBuildFile; fileRef = 0000CB2028F03A5A005C81CD /* Nib.swift */; };
		0000CB2528F042ED005C81CD /* MainTabBarController.swift in Sources */ = {isa = PBXBuildFile; fileRef = 0000CB2428F042ED005C81CD /* MainTabBarController.swift */; };
		0000CB2B28F06944005C81CD /* UIViewController + Storyboard.swift in Sources */ = {isa = PBXBuildFile; fileRef = 0000CB2A28F06944005C81CD /* UIViewController + Storyboard.swift */; };
		0019593B28D91599005891EE /* AppDelegate.swift in Sources */ = {isa = PBXBuildFile; fileRef = 0019593A28D91599005891EE /* AppDelegate.swift */; };
		0019593D28D91599005891EE /* SceneDelegate.swift in Sources */ = {isa = PBXBuildFile; fileRef = 0019593C28D91599005891EE /* SceneDelegate.swift */; };
		0019593F28D91599005891EE /* MainViewController.swift in Sources */ = {isa = PBXBuildFile; fileRef = 0019593E28D91599005891EE /* MainViewController.swift */; };
		0019594228D91599005891EE /* Main.storyboard in Resources */ = {isa = PBXBuildFile; fileRef = 0019594028D91599005891EE /* Main.storyboard */; };
		0019594428D9159A005891EE /* Assets.xcassets in Resources */ = {isa = PBXBuildFile; fileRef = 0019594328D9159A005891EE /* Assets.xcassets */; };
		0019594728D9159A005891EE /* LaunchScreen.storyboard in Resources */ = {isa = PBXBuildFile; fileRef = 0019594528D9159A005891EE /* LaunchScreen.storyboard */; };
		00428FB928EF2BA4007580CA /* TrackDetailView.xib in Resources */ = {isa = PBXBuildFile; fileRef = 00428FB828EF2BA4007580CA /* TrackDetailView.xib */; };
		00428FBB28EF2BBA007580CA /* TrackDetalViewController.swift in Sources */ = {isa = PBXBuildFile; fileRef = 00428FBA28EF2BBA007580CA /* TrackDetalViewController.swift */; };
		006A93B928F3345100597EAA /* AlbumeDetalTableViewCell.swift in Sources */ = {isa = PBXBuildFile; fileRef = 006A93B728F3345100597EAA /* AlbumeDetalTableViewCell.swift */; };
		006A93BA28F3345100597EAA /* AlbumeDetalTableViewCell.xib in Resources */ = {isa = PBXBuildFile; fileRef = 006A93B828F3345100597EAA /* AlbumeDetalTableViewCell.xib */; };
		006A93BC28F3357A00597EAA /* AlbumeModelCell.swift in Sources */ = {isa = PBXBuildFile; fileRef = 006A93BB28F3357A00597EAA /* AlbumeModelCell.swift */; };
		006EC69B28E5B76F000D60BA /* NetworkFetch.swift in Sources */ = {isa = PBXBuildFile; fileRef = 006EC69A28E5B76F000D60BA /* NetworkFetch.swift */; };
		00AC4BFC28DC7EC0004D1EED /* AlbumModel.swift in Sources */ = {isa = PBXBuildFile; fileRef = 00AC4BFB28DC7EC0004D1EED /* AlbumModel.swift */; };
		37804FB828DA64D200EB2EFD /* SearchViewController.swift in Sources */ = {isa = PBXBuildFile; fileRef = 37804FB728DA64D200EB2EFD /* SearchViewController.swift */; };
		37804FBA28DA64F300EB2EFD /* PlayerViewController.swift in Sources */ = {isa = PBXBuildFile; fileRef = 37804FB928DA64F300EB2EFD /* PlayerViewController.swift */; };
		37804FBD28DA679000EB2EFD /* ContentCell.swift in Sources */ = {isa = PBXBuildFile; fileRef = 37804FBB28DA679000EB2EFD /* ContentCell.swift */; };
		37804FBE28DA679000EB2EFD /* ContentCell.xib in Resources */ = {isa = PBXBuildFile; fileRef = 37804FBC28DA679000EB2EFD /* ContentCell.xib */; };
		37804FF428DB37D100EB2EFD /* HeaderView.swift in Sources */ = {isa = PBXBuildFile; fileRef = 37804FF228DB37D100EB2EFD /* HeaderView.swift */; };
		37804FF528DB37D100EB2EFD /* HeaderView.xib in Resources */ = {isa = PBXBuildFile; fileRef = 37804FF328DB37D100EB2EFD /* HeaderView.xib */; };
		37804FFB28DFA7EB00EB2EFD /* Tracks.swift in Sources */ = {isa = PBXBuildFile; fileRef = 37804FFA28DFA7EB00EB2EFD /* Tracks.swift */; };
		37804FFD28DFA8D700EB2EFD /* Constants.swift in Sources */ = {isa = PBXBuildFile; fileRef = 37804FFC28DFA8D700EB2EFD /* Constants.swift */; };
		3780500028DFA9DD00EB2EFD /* TracksTableViewCell.swift in Sources */ = {isa = PBXBuildFile; fileRef = 37804FFE28DFA9DD00EB2EFD /* TracksTableViewCell.swift */; };
		3780500128DFA9DD00EB2EFD /* TracksTableViewCell.xib in Resources */ = {isa = PBXBuildFile; fileRef = 37804FFF28DFA9DD00EB2EFD /* TracksTableViewCell.xib */; };
		37DD14ED28ECCDA700AEFAAE /* AlbumViewController.swift in Sources */ = {isa = PBXBuildFile; fileRef = 37DD14EC28ECCDA700AEFAAE /* AlbumViewController.swift */; };
		37DD14EF28ECE37200AEFAAE /* DataFetch.swift in Sources */ = {isa = PBXBuildFile; fileRef = 37DD14EE28ECE37200AEFAAE /* DataFetch.swift */; };
		97B0FCA428EDDFB500326BBC /* MusicManager.swift in Sources */ = {isa = PBXBuildFile; fileRef = 97B0FCA328EDDFB500326BBC /* MusicManager.swift */; };
		97B0FCA628EDDFCF00326BBC /* TrackModel.swift in Sources */ = {isa = PBXBuildFile; fileRef = 97B0FCA528EDDFCF00326BBC /* TrackModel.swift */; };
		97B0FCA828EDE00E00326BBC /* CMTime + Extention.swift in Sources */ = {isa = PBXBuildFile; fileRef = 97B0FCA728EDE00E00326BBC /* CMTime + Extention.swift */; };
		97B0FCAA28EDE02000326BBC /* MusicURL.swift in Sources */ = {isa = PBXBuildFile; fileRef = 97B0FCA928EDE02000326BBC /* MusicURL.swift */; };
/* End PBXBuildFile section */

/* Begin PBXFileReference section */
		0000CB2028F03A5A005C81CD /* Nib.swift */ = {isa = PBXFileReference; lastKnownFileType = sourcecode.swift; path = Nib.swift; sourceTree = "<group>"; };
		0000CB2428F042ED005C81CD /* MainTabBarController.swift */ = {isa = PBXFileReference; fileEncoding = 4; lastKnownFileType = sourcecode.swift; path = MainTabBarController.swift; sourceTree = "<group>"; };
		0000CB2A28F06944005C81CD /* UIViewController + Storyboard.swift */ = {isa = PBXFileReference; fileEncoding = 4; lastKnownFileType = sourcecode.swift; path = "UIViewController + Storyboard.swift"; sourceTree = "<group>"; };
		0019593728D91599005891EE /* MusicPlayerChallange.app */ = {isa = PBXFileReference; explicitFileType = wrapper.application; includeInIndex = 0; path = MusicPlayerChallange.app; sourceTree = BUILT_PRODUCTS_DIR; };
		0019593A28D91599005891EE /* AppDelegate.swift */ = {isa = PBXFileReference; lastKnownFileType = sourcecode.swift; path = AppDelegate.swift; sourceTree = "<group>"; };
		0019593C28D91599005891EE /* SceneDelegate.swift */ = {isa = PBXFileReference; lastKnownFileType = sourcecode.swift; path = SceneDelegate.swift; sourceTree = "<group>"; };
		0019593E28D91599005891EE /* MainViewController.swift */ = {isa = PBXFileReference; lastKnownFileType = sourcecode.swift; path = MainViewController.swift; sourceTree = "<group>"; };
		0019594128D91599005891EE /* Base */ = {isa = PBXFileReference; lastKnownFileType = file.storyboard; name = Base; path = Base.lproj/Main.storyboard; sourceTree = "<group>"; };
		0019594328D9159A005891EE /* Assets.xcassets */ = {isa = PBXFileReference; lastKnownFileType = folder.assetcatalog; path = Assets.xcassets; sourceTree = "<group>"; };
		0019594628D9159A005891EE /* Base */ = {isa = PBXFileReference; lastKnownFileType = file.storyboard; name = Base; path = Base.lproj/LaunchScreen.storyboard; sourceTree = "<group>"; };
		0019594828D9159A005891EE /* Info.plist */ = {isa = PBXFileReference; lastKnownFileType = text.plist.xml; path = Info.plist; sourceTree = "<group>"; };
		00428FB828EF2BA4007580CA /* TrackDetailView.xib */ = {isa = PBXFileReference; lastKnownFileType = file.xib; path = TrackDetailView.xib; sourceTree = "<group>"; };
		00428FBA28EF2BBA007580CA /* TrackDetalViewController.swift */ = {isa = PBXFileReference; lastKnownFileType = sourcecode.swift; path = TrackDetalViewController.swift; sourceTree = "<group>"; };
		006A93B728F3345100597EAA /* AlbumeDetalTableViewCell.swift */ = {isa = PBXFileReference; lastKnownFileType = sourcecode.swift; path = AlbumeDetalTableViewCell.swift; sourceTree = "<group>"; };
		006A93B828F3345100597EAA /* AlbumeDetalTableViewCell.xib */ = {isa = PBXFileReference; lastKnownFileType = file.xib; path = AlbumeDetalTableViewCell.xib; sourceTree = "<group>"; };
		006A93BB28F3357A00597EAA /* AlbumeModelCell.swift */ = {isa = PBXFileReference; lastKnownFileType = sourcecode.swift; path = AlbumeModelCell.swift; sourceTree = "<group>"; };
		006EC69A28E5B76F000D60BA /* NetworkFetch.swift */ = {isa = PBXFileReference; lastKnownFileType = sourcecode.swift; path = NetworkFetch.swift; sourceTree = "<group>"; };
		00AC4BFB28DC7EC0004D1EED /* AlbumModel.swift */ = {isa = PBXFileReference; lastKnownFileType = sourcecode.swift; path = AlbumModel.swift; sourceTree = "<group>"; };
		37804FB728DA64D200EB2EFD /* SearchViewController.swift */ = {isa = PBXFileReference; lastKnownFileType = sourcecode.swift; name = SearchViewController.swift; path = MusicPlayerChallange/View/SearchViewController.swift; sourceTree = SOURCE_ROOT; };
		37804FB928DA64F300EB2EFD /* PlayerViewController.swift */ = {isa = PBXFileReference; lastKnownFileType = sourcecode.swift; name = PlayerViewController.swift; path = MusicPlayerChallange/View/PlayerViewController.swift; sourceTree = SOURCE_ROOT; };
		37804FBB28DA679000EB2EFD /* ContentCell.swift */ = {isa = PBXFileReference; lastKnownFileType = sourcecode.swift; path = ContentCell.swift; sourceTree = "<group>"; };
		37804FBC28DA679000EB2EFD /* ContentCell.xib */ = {isa = PBXFileReference; lastKnownFileType = file.xib; path = ContentCell.xib; sourceTree = "<group>"; };
		37804FF228DB37D100EB2EFD /* HeaderView.swift */ = {isa = PBXFileReference; lastKnownFileType = sourcecode.swift; path = HeaderView.swift; sourceTree = "<group>"; };
		37804FF328DB37D100EB2EFD /* HeaderView.xib */ = {isa = PBXFileReference; lastKnownFileType = file.xib; path = HeaderView.xib; sourceTree = "<group>"; };
		37804FFA28DFA7EB00EB2EFD /* Tracks.swift */ = {isa = PBXFileReference; lastKnownFileType = sourcecode.swift; path = Tracks.swift; sourceTree = "<group>"; };
		37804FFC28DFA8D700EB2EFD /* Constants.swift */ = {isa = PBXFileReference; lastKnownFileType = sourcecode.swift; path = Constants.swift; sourceTree = "<group>"; };
		37804FFE28DFA9DD00EB2EFD /* TracksTableViewCell.swift */ = {isa = PBXFileReference; lastKnownFileType = sourcecode.swift; path = TracksTableViewCell.swift; sourceTree = "<group>"; };
		37804FFF28DFA9DD00EB2EFD /* TracksTableViewCell.xib */ = {isa = PBXFileReference; lastKnownFileType = file.xib; path = TracksTableViewCell.xib; sourceTree = "<group>"; };
		37DD14EC28ECCDA700AEFAAE /* AlbumViewController.swift */ = {isa = PBXFileReference; lastKnownFileType = sourcecode.swift; path = AlbumViewController.swift; sourceTree = "<group>"; };
		37DD14EE28ECE37200AEFAAE /* DataFetch.swift */ = {isa = PBXFileReference; lastKnownFileType = sourcecode.swift; path = DataFetch.swift; sourceTree = "<group>"; };
		97B0FCA328EDDFB500326BBC /* MusicManager.swift */ = {isa = PBXFileReference; fileEncoding = 4; lastKnownFileType = sourcecode.swift; name = MusicManager.swift; path = MusicPlayerChallange/Model/MusicManager.swift; sourceTree = SOURCE_ROOT; };
		97B0FCA528EDDFCF00326BBC /* TrackModel.swift */ = {isa = PBXFileReference; fileEncoding = 4; lastKnownFileType = sourcecode.swift; path = TrackModel.swift; sourceTree = "<group>"; };
		97B0FCA728EDE00E00326BBC /* CMTime + Extention.swift */ = {isa = PBXFileReference; fileEncoding = 4; lastKnownFileType = sourcecode.swift; path = "CMTime + Extention.swift"; sourceTree = "<group>"; };
		97B0FCA928EDE02000326BBC /* MusicURL.swift */ = {isa = PBXFileReference; fileEncoding = 4; lastKnownFileType = sourcecode.swift; path = MusicURL.swift; sourceTree = "<group>"; };
/* End PBXFileReference section */

/* Begin PBXFrameworksBuildPhase section */
		0019593428D91599005891EE /* Frameworks */ = {
			isa = PBXFrameworksBuildPhase;
			buildActionMask = 2147483647;
			files = (
			);
			runOnlyForDeploymentPostprocessing = 0;
		};
/* End PBXFrameworksBuildPhase section */

/* Begin PBXGroup section */
		0019592E28D91599005891EE = {
			isa = PBXGroup;
			children = (
				0019593928D91599005891EE /* MusicPlayerChallange */,
				0019593828D91599005891EE /* Products */,
				9711149D28E5F01700A10BCF /* Frameworks */,
			);
			sourceTree = "<group>";
		};
		0019593828D91599005891EE /* Products */ = {
			isa = PBXGroup;
			children = (
				0019593728D91599005891EE /* MusicPlayerChallange.app */,
			);
			name = Products;
			sourceTree = "<group>";
		};
		0019593928D91599005891EE /* MusicPlayerChallange */ = {
			isa = PBXGroup;
			children = (
				00AC4BFD28DCE8C8004D1EED /* NetworkManager */,
				00AC4BFA28DC7E95004D1EED /* Model */,
				0019594E28D91861005891EE /* Controller */,
				0019594F28D91870005891EE /* View */,
				0019595128D91883005891EE /* Resources */,
				37804FBF28DA679700EB2EFD /* Cells */,
				0019595028D91876005891EE /* App */,
			);
			path = MusicPlayerChallange;
			sourceTree = "<group>";
		};
		0019594E28D91861005891EE /* Controller */ = {
			isa = PBXGroup;
			children = (
				0000CB2428F042ED005C81CD /* MainTabBarController.swift */,
				0019593E28D91599005891EE /* MainViewController.swift */,
				37804FB728DA64D200EB2EFD /* SearchViewController.swift */,
				37804FB928DA64F300EB2EFD /* PlayerViewController.swift */,
				97B0FCA728EDE00E00326BBC /* CMTime + Extention.swift */,
				37DD14EC28ECCDA700AEFAAE /* AlbumViewController.swift */,
				00428FBA28EF2BBA007580CA /* TrackDetalViewController.swift */,
			);
			path = Controller;
			sourceTree = "<group>";
		};
		0019594F28D91870005891EE /* View */ = {
			isa = PBXGroup;
			children = (
				0019594028D91599005891EE /* Main.storyboard */,
				00428FB828EF2BA4007580CA /* TrackDetailView.xib */,
				0019594528D9159A005891EE /* LaunchScreen.storyboard */,
				0000CB2028F03A5A005C81CD /* Nib.swift */,
			);
			path = View;
			sourceTree = "<group>";
		};
		0019595028D91876005891EE /* App */ = {
			isa = PBXGroup;
			children = (
				0019593A28D91599005891EE /* AppDelegate.swift */,
				0019593C28D91599005891EE /* SceneDelegate.swift */,
				0019594828D9159A005891EE /* Info.plist */,
			);
			path = App;
			sourceTree = "<group>";
		};
		0019595128D91883005891EE /* Resources */ = {
			isa = PBXGroup;
			children = (
				0000CB2A28F06944005C81CD /* UIViewController + Storyboard.swift */,
				0019594328D9159A005891EE /* Assets.xcassets */,
				37804FFC28DFA8D700EB2EFD /* Constants.swift */,
			);
			path = Resources;
			sourceTree = "<group>";
		};
		00AC4BFA28DC7E95004D1EED /* Model */ = {
			isa = PBXGroup;
			children = (
				00AC4BFB28DC7EC0004D1EED /* AlbumModel.swift */,
				37804FFA28DFA7EB00EB2EFD /* Tracks.swift */,
				97B0FCA528EDDFCF00326BBC /* TrackModel.swift */,
				97B0FCA328EDDFB500326BBC /* MusicManager.swift */,
				006A93BB28F3357A00597EAA /* AlbumeModelCell.swift */,
			);
			path = Model;
			sourceTree = "<group>";
		};
		00AC4BFD28DCE8C8004D1EED /* NetworkManager */ = {
			isa = PBXGroup;
			children = (
				006EC69A28E5B76F000D60BA /* NetworkFetch.swift */,
				37DD14EE28ECE37200AEFAAE /* DataFetch.swift */,
				97B0FCA928EDE02000326BBC /* MusicURL.swift */,
			);
			path = NetworkManager;
			sourceTree = "<group>";
		};
		37804FBF28DA679700EB2EFD /* Cells */ = {
			isa = PBXGroup;
			children = (
				37804FBB28DA679000EB2EFD /* ContentCell.swift */,
				37804FBC28DA679000EB2EFD /* ContentCell.xib */,
				37804FF228DB37D100EB2EFD /* HeaderView.swift */,
				37804FF328DB37D100EB2EFD /* HeaderView.xib */,
				37804FFE28DFA9DD00EB2EFD /* TracksTableViewCell.swift */,
				37804FFF28DFA9DD00EB2EFD /* TracksTableViewCell.xib */,
				006A93B728F3345100597EAA /* AlbumeDetalTableViewCell.swift */,
				006A93B828F3345100597EAA /* AlbumeDetalTableViewCell.xib */,
			);
			path = Cells;
			sourceTree = "<group>";
		};
		9711149D28E5F01700A10BCF /* Frameworks */ = {
			isa = PBXGroup;
			children = (
			);
			name = Frameworks;
			sourceTree = "<group>";
		};
/* End PBXGroup section */

/* Begin PBXNativeTarget section */
		0019593628D91599005891EE /* MusicPlayerChallange */ = {
			isa = PBXNativeTarget;
			buildConfigurationList = 0019594B28D9159A005891EE /* Build configuration list for PBXNativeTarget "MusicPlayerChallange" */;
			buildPhases = (
				0019593328D91599005891EE /* Sources */,
				0019593428D91599005891EE /* Frameworks */,
				0019593528D91599005891EE /* Resources */,
			);
			buildRules = (
			);
			dependencies = (
			);
			name = MusicPlayerChallange;
			productName = MusicPlayerChallange;
			productReference = 0019593728D91599005891EE /* MusicPlayerChallange.app */;
			productType = "com.apple.product-type.application";
		};
/* End PBXNativeTarget section */

/* Begin PBXProject section */
		0019592F28D91599005891EE /* Project object */ = {
			isa = PBXProject;
			attributes = {
				BuildIndependentTargetsInParallel = 1;
				LastSwiftUpdateCheck = 1400;
				LastUpgradeCheck = 1400;
				TargetAttributes = {
					0019593628D91599005891EE = {
						CreatedOnToolsVersion = 14.0;
					};
				};
			};
			buildConfigurationList = 0019593228D91599005891EE /* Build configuration list for PBXProject "MusicPlayerChallange" */;
			compatibilityVersion = "Xcode 14.0";
			developmentRegion = en;
			hasScannedForEncodings = 0;
			knownRegions = (
				en,
				Base,
			);
			mainGroup = 0019592E28D91599005891EE;
			productRefGroup = 0019593828D91599005891EE /* Products */;
			projectDirPath = "";
			projectRoot = "";
			targets = (
				0019593628D91599005891EE /* MusicPlayerChallange */,
			);
		};
/* End PBXProject section */

/* Begin PBXResourcesBuildPhase section */
		0019593528D91599005891EE /* Resources */ = {
			isa = PBXResourcesBuildPhase;
			buildActionMask = 2147483647;
			files = (
				006A93BA28F3345100597EAA /* AlbumeDetalTableViewCell.xib in Resources */,
				00428FB928EF2BA4007580CA /* TrackDetailView.xib in Resources */,
				0019594728D9159A005891EE /* LaunchScreen.storyboard in Resources */,
				37804FF528DB37D100EB2EFD /* HeaderView.xib in Resources */,
				0019594428D9159A005891EE /* Assets.xcassets in Resources */,
				0019594228D91599005891EE /* Main.storyboard in Resources */,
				37804FBE28DA679000EB2EFD /* ContentCell.xib in Resources */,
				3780500128DFA9DD00EB2EFD /* TracksTableViewCell.xib in Resources */,
			);
			runOnlyForDeploymentPostprocessing = 0;
		};
/* End PBXResourcesBuildPhase section */

/* Begin PBXSourcesBuildPhase section */
		0019593328D91599005891EE /* Sources */ = {
			isa = PBXSourcesBuildPhase;
			buildActionMask = 2147483647;
			files = (
				97B0FCA828EDE00E00326BBC /* CMTime + Extention.swift in Sources */,
				3780500028DFA9DD00EB2EFD /* TracksTableViewCell.swift in Sources */,
				0000CB2528F042ED005C81CD /* MainTabBarController.swift in Sources */,
				97B0FCA628EDDFCF00326BBC /* TrackModel.swift in Sources */,
				006EC69B28E5B76F000D60BA /* NetworkFetch.swift in Sources */,
				37DD14ED28ECCDA700AEFAAE /* AlbumViewController.swift in Sources */,
				37804FBA28DA64F300EB2EFD /* PlayerViewController.swift in Sources */,
				37804FB828DA64D200EB2EFD /* SearchViewController.swift in Sources */,
				0000CB2B28F06944005C81CD /* UIViewController + Storyboard.swift in Sources */,
				0019593F28D91599005891EE /* MainViewController.swift in Sources */,
				37804FBD28DA679000EB2EFD /* ContentCell.swift in Sources */,
				0019593B28D91599005891EE /* AppDelegate.swift in Sources */,
				37804FFD28DFA8D700EB2EFD /* Constants.swift in Sources */,
				00AC4BFC28DC7EC0004D1EED /* AlbumModel.swift in Sources */,
				37804FFB28DFA7EB00EB2EFD /* Tracks.swift in Sources */,
				97B0FCAA28EDE02000326BBC /* MusicURL.swift in Sources */,
				00428FBB28EF2BBA007580CA /* TrackDetalViewController.swift in Sources */,
				0000CB2128F03A5A005C81CD /* Nib.swift in Sources */,
				0019593D28D91599005891EE /* SceneDelegate.swift in Sources */,
				37DD14EF28ECE37200AEFAAE /* DataFetch.swift in Sources */,
				006A93B928F3345100597EAA /* AlbumeDetalTableViewCell.swift in Sources */,
				37804FF428DB37D100EB2EFD /* HeaderView.swift in Sources */,
				97B0FCA428EDDFB500326BBC /* MusicManager.swift in Sources */,
				006A93BC28F3357A00597EAA /* AlbumeModelCell.swift in Sources */,
			);
			runOnlyForDeploymentPostprocessing = 0;
		};
/* End PBXSourcesBuildPhase section */

/* Begin PBXVariantGroup section */
		0019594028D91599005891EE /* Main.storyboard */ = {
			isa = PBXVariantGroup;
			children = (
				0019594128D91599005891EE /* Base */,
			);
			name = Main.storyboard;
			sourceTree = "<group>";
		};
		0019594528D9159A005891EE /* LaunchScreen.storyboard */ = {
			isa = PBXVariantGroup;
			children = (
				0019594628D9159A005891EE /* Base */,
			);
			name = LaunchScreen.storyboard;
			sourceTree = "<group>";
		};
/* End PBXVariantGroup section */

/* Begin XCBuildConfiguration section */
		0019594928D9159A005891EE /* Debug */ = {
			isa = XCBuildConfiguration;
			buildSettings = {
				ALWAYS_SEARCH_USER_PATHS = NO;
				CLANG_ANALYZER_NONNULL = YES;
				CLANG_ANALYZER_NUMBER_OBJECT_CONVERSION = YES_AGGRESSIVE;
				CLANG_CXX_LANGUAGE_STANDARD = "gnu++20";
				CLANG_ENABLE_MODULES = YES;
				CLANG_ENABLE_OBJC_ARC = YES;
				CLANG_ENABLE_OBJC_WEAK = YES;
				CLANG_WARN_BLOCK_CAPTURE_AUTORELEASING = YES;
				CLANG_WARN_BOOL_CONVERSION = YES;
				CLANG_WARN_COMMA = YES;
				CLANG_WARN_CONSTANT_CONVERSION = YES;
				CLANG_WARN_DEPRECATED_OBJC_IMPLEMENTATIONS = YES;
				CLANG_WARN_DIRECT_OBJC_ISA_USAGE = YES_ERROR;
				CLANG_WARN_DOCUMENTATION_COMMENTS = YES;
				CLANG_WARN_EMPTY_BODY = YES;
				CLANG_WARN_ENUM_CONVERSION = YES;
				CLANG_WARN_INFINITE_RECURSION = YES;
				CLANG_WARN_INT_CONVERSION = YES;
				CLANG_WARN_NON_LITERAL_NULL_CONVERSION = YES;
				CLANG_WARN_OBJC_IMPLICIT_RETAIN_SELF = YES;
				CLANG_WARN_OBJC_LITERAL_CONVERSION = YES;
				CLANG_WARN_OBJC_ROOT_CLASS = YES_ERROR;
				CLANG_WARN_QUOTED_INCLUDE_IN_FRAMEWORK_HEADER = YES;
				CLANG_WARN_RANGE_LOOP_ANALYSIS = YES;
				CLANG_WARN_STRICT_PROTOTYPES = YES;
				CLANG_WARN_SUSPICIOUS_MOVE = YES;
				CLANG_WARN_UNGUARDED_AVAILABILITY = YES_AGGRESSIVE;
				CLANG_WARN_UNREACHABLE_CODE = YES;
				CLANG_WARN__DUPLICATE_METHOD_MATCH = YES;
				COPY_PHASE_STRIP = NO;
				DEBUG_INFORMATION_FORMAT = dwarf;
				ENABLE_STRICT_OBJC_MSGSEND = YES;
				ENABLE_TESTABILITY = YES;
				GCC_C_LANGUAGE_STANDARD = gnu11;
				GCC_DYNAMIC_NO_PIC = NO;
				GCC_NO_COMMON_BLOCKS = YES;
				GCC_OPTIMIZATION_LEVEL = 0;
				GCC_PREPROCESSOR_DEFINITIONS = (
					"DEBUG=1",
					"$(inherited)",
				);
				GCC_WARN_64_TO_32_BIT_CONVERSION = YES;
				GCC_WARN_ABOUT_RETURN_TYPE = YES_ERROR;
				GCC_WARN_UNDECLARED_SELECTOR = YES;
				GCC_WARN_UNINITIALIZED_AUTOS = YES_AGGRESSIVE;
				GCC_WARN_UNUSED_FUNCTION = YES;
				GCC_WARN_UNUSED_VARIABLE = YES;
				IPHONEOS_DEPLOYMENT_TARGET = 16.0;
				MTL_ENABLE_DEBUG_INFO = INCLUDE_SOURCE;
				MTL_FAST_MATH = YES;
				ONLY_ACTIVE_ARCH = YES;
				SDKROOT = iphoneos;
				SWIFT_ACTIVE_COMPILATION_CONDITIONS = DEBUG;
				SWIFT_OPTIMIZATION_LEVEL = "-Onone";
			};
			name = Debug;
		};
		0019594A28D9159A005891EE /* Release */ = {
			isa = XCBuildConfiguration;
			buildSettings = {
				ALWAYS_SEARCH_USER_PATHS = NO;
				CLANG_ANALYZER_NONNULL = YES;
				CLANG_ANALYZER_NUMBER_OBJECT_CONVERSION = YES_AGGRESSIVE;
				CLANG_CXX_LANGUAGE_STANDARD = "gnu++20";
				CLANG_ENABLE_MODULES = YES;
				CLANG_ENABLE_OBJC_ARC = YES;
				CLANG_ENABLE_OBJC_WEAK = YES;
				CLANG_WARN_BLOCK_CAPTURE_AUTORELEASING = YES;
				CLANG_WARN_BOOL_CONVERSION = YES;
				CLANG_WARN_COMMA = YES;
				CLANG_WARN_CONSTANT_CONVERSION = YES;
				CLANG_WARN_DEPRECATED_OBJC_IMPLEMENTATIONS = YES;
				CLANG_WARN_DIRECT_OBJC_ISA_USAGE = YES_ERROR;
				CLANG_WARN_DOCUMENTATION_COMMENTS = YES;
				CLANG_WARN_EMPTY_BODY = YES;
				CLANG_WARN_ENUM_CONVERSION = YES;
				CLANG_WARN_INFINITE_RECURSION = YES;
				CLANG_WARN_INT_CONVERSION = YES;
				CLANG_WARN_NON_LITERAL_NULL_CONVERSION = YES;
				CLANG_WARN_OBJC_IMPLICIT_RETAIN_SELF = YES;
				CLANG_WARN_OBJC_LITERAL_CONVERSION = YES;
				CLANG_WARN_OBJC_ROOT_CLASS = YES_ERROR;
				CLANG_WARN_QUOTED_INCLUDE_IN_FRAMEWORK_HEADER = YES;
				CLANG_WARN_RANGE_LOOP_ANALYSIS = YES;
				CLANG_WARN_STRICT_PROTOTYPES = YES;
				CLANG_WARN_SUSPICIOUS_MOVE = YES;
				CLANG_WARN_UNGUARDED_AVAILABILITY = YES_AGGRESSIVE;
				CLANG_WARN_UNREACHABLE_CODE = YES;
				CLANG_WARN__DUPLICATE_METHOD_MATCH = YES;
				COPY_PHASE_STRIP = NO;
				DEBUG_INFORMATION_FORMAT = "dwarf-with-dsym";
				ENABLE_NS_ASSERTIONS = NO;
				ENABLE_STRICT_OBJC_MSGSEND = YES;
				GCC_C_LANGUAGE_STANDARD = gnu11;
				GCC_NO_COMMON_BLOCKS = YES;
				GCC_WARN_64_TO_32_BIT_CONVERSION = YES;
				GCC_WARN_ABOUT_RETURN_TYPE = YES_ERROR;
				GCC_WARN_UNDECLARED_SELECTOR = YES;
				GCC_WARN_UNINITIALIZED_AUTOS = YES_AGGRESSIVE;
				GCC_WARN_UNUSED_FUNCTION = YES;
				GCC_WARN_UNUSED_VARIABLE = YES;
				IPHONEOS_DEPLOYMENT_TARGET = 16.0;
				MTL_ENABLE_DEBUG_INFO = NO;
				MTL_FAST_MATH = YES;
				SDKROOT = iphoneos;
				SWIFT_COMPILATION_MODE = wholemodule;
				SWIFT_OPTIMIZATION_LEVEL = "-O";
				VALIDATE_PRODUCT = YES;
			};
			name = Release;
		};
		0019594C28D9159A005891EE /* Debug */ = {
			isa = XCBuildConfiguration;
			buildSettings = {
				ASSETCATALOG_COMPILER_APPICON_NAME = AppIcon;
				ASSETCATALOG_COMPILER_GLOBAL_ACCENT_COLOR_NAME = AccentColor;
				CODE_SIGN_STYLE = Automatic;
				CURRENT_PROJECT_VERSION = 1;
				DEVELOPMENT_TEAM = N4UDWY43TV;
				GENERATE_INFOPLIST_FILE = YES;
				INFOPLIST_FILE = MusicPlayerChallange/App/Info.plist;
				INFOPLIST_KEY_UIApplicationSupportsIndirectInputEvents = YES;
				INFOPLIST_KEY_UILaunchStoryboardName = LaunchScreen;
				INFOPLIST_KEY_UIMainStoryboardFile = Main;
				INFOPLIST_KEY_UISupportedInterfaceOrientations_iPad = "UIInterfaceOrientationPortrait UIInterfaceOrientationPortraitUpsideDown UIInterfaceOrientationLandscapeLeft UIInterfaceOrientationLandscapeRight";
				INFOPLIST_KEY_UISupportedInterfaceOrientations_iPhone = "UIInterfaceOrientationPortrait UIInterfaceOrientationLandscapeLeft UIInterfaceOrientationLandscapeRight";
				LD_RUNPATH_SEARCH_PATHS = (
					"$(inherited)",
					"@executable_path/Frameworks",
				);
				MARKETING_VERSION = 1.0;
				PRODUCT_BUNDLE_IDENTIFIER = artemorlov.MusicPlayerChallange;
				PRODUCT_NAME = "$(TARGET_NAME)";
				SWIFT_EMIT_LOC_STRINGS = YES;
				SWIFT_VERSION = 5.0;
				TARGETED_DEVICE_FAMILY = "1,2";
			};
			name = Debug;
		};
		0019594D28D9159A005891EE /* Release */ = {
			isa = XCBuildConfiguration;
			buildSettings = {
				ASSETCATALOG_COMPILER_APPICON_NAME = AppIcon;
				ASSETCATALOG_COMPILER_GLOBAL_ACCENT_COLOR_NAME = AccentColor;
				CODE_SIGN_STYLE = Automatic;
				CURRENT_PROJECT_VERSION = 1;
				DEVELOPMENT_TEAM = W9FSXFWG34;
				GENERATE_INFOPLIST_FILE = YES;
				INFOPLIST_FILE = MusicPlayerChallange/App/Info.plist;
				INFOPLIST_KEY_UIApplicationSupportsIndirectInputEvents = YES;
				INFOPLIST_KEY_UILaunchStoryboardName = LaunchScreen;
				INFOPLIST_KEY_UIMainStoryboardFile = Main;
				INFOPLIST_KEY_UISupportedInterfaceOrientations_iPad = "UIInterfaceOrientationPortrait UIInterfaceOrientationPortraitUpsideDown UIInterfaceOrientationLandscapeLeft UIInterfaceOrientationLandscapeRight";
				INFOPLIST_KEY_UISupportedInterfaceOrientations_iPhone = "UIInterfaceOrientationPortrait UIInterfaceOrientationLandscapeLeft UIInterfaceOrientationLandscapeRight";
				LD_RUNPATH_SEARCH_PATHS = (
					"$(inherited)",
					"@executable_path/Frameworks",
				);
				MARKETING_VERSION = 1.0;
				PRODUCT_BUNDLE_IDENTIFIER = artemorlov.MusicPlayerChallange;
				PRODUCT_NAME = "$(TARGET_NAME)";
				SWIFT_EMIT_LOC_STRINGS = YES;
				SWIFT_VERSION = 5.0;
				TARGETED_DEVICE_FAMILY = "1,2";
			};
			name = Release;
		};
/* End XCBuildConfiguration section */

/* Begin XCConfigurationList section */
		0019593228D91599005891EE /* Build configuration list for PBXProject "MusicPlayerChallange" */ = {
			isa = XCConfigurationList;
			buildConfigurations = (
				0019594928D9159A005891EE /* Debug */,
				0019594A28D9159A005891EE /* Release */,
			);
			defaultConfigurationIsVisible = 0;
			defaultConfigurationName = Release;
		};
		0019594B28D9159A005891EE /* Build configuration list for PBXNativeTarget "MusicPlayerChallange" */ = {
			isa = XCConfigurationList;
			buildConfigurations = (
				0019594C28D9159A005891EE /* Debug */,
				0019594D28D9159A005891EE /* Release */,
			);
			defaultConfigurationIsVisible = 0;
			defaultConfigurationName = Release;
		};
/* End XCConfigurationList section */
	};
	rootObject = 0019592F28D91599005891EE /* Project object */;
}
